
Microsoft Visual Studio Solution File, Format Version 12.00
# Visual Studio 14
VisualStudioVersion = 14.0.23107.0
MinimumVisualStudioVersion = 10.0.40219.1
Project("{FAE04EC0-301F-11D3-BF4B-00C04F79EFBC}") = "Kepler", "Kepler\Kepler.csproj", "{FCA2B2AB-350C-461D-9703-C8AB54B84DDD}"
EndProject
Project("{FAE04EC0-301F-11D3-BF4B-00C04F79EFBC}") = "Kepler.Tests", "Kepler.Tests\Kepler.Tests.csproj", "{8A218E77-4B9D-47CF-92B0-FDE6BB0250A4}"
EndProject
Global
	GlobalSection(SolutionConfigurationPlatforms) = preSolution
		Debug|Any CPU = Debug|Any CPU
		Release|Any CPU = Release|Any CPU
	EndGlobalSection
	GlobalSection(ProjectConfigurationPlatforms) = postSolution
		{FCA2B2AB-350C-461D-9703-C8AB54B84DDD}.Debug|Any CPU.ActiveCfg = Debug|Any CPU
		{FCA2B2AB-350C-461D-9703-C8AB54B84DDD}.Debug|Any CPU.Build.0 = Debug|Any CPU
		{FCA2B2AB-350C-461D-9703-C8AB54B84DDD}.Release|Any CPU.ActiveCfg = Release|Any CPU
		{FCA2B2AB-350C-461D-9703-C8AB54B84DDD}.Release|Any CPU.Build.0 = Release|Any CPU
		{8A218E77-4B9D-47CF-92B0-FDE6BB0250A4}.Debug|Any CPU.ActiveCfg = Debug|Any CPU
		{8A218E77-4B9D-47CF-92B0-FDE6BB0250A4}.Debug|Any CPU.Build.0 = Debug|Any CPU
		{8A218E77-4B9D-47CF-92B0-FDE6BB0250A4}.Release|Any CPU.ActiveCfg = Release|Any CPU
		{8A218E77-4B9D-47CF-92B0-FDE6BB0250A4}.Release|Any CPU.Build.0 = Release|Any CPU
	EndGlobalSection
	GlobalSection(SolutionProperties) = preSolution
		HideSolutionNode = FALSE
	EndGlobalSection
EndGlobal
