
Microsoft Visual Studio Solution File, Format Version 12.00
# Visual Studio 14
VisualStudioVersion = 14.0.24720.0
MinimumVisualStudioVersion = 10.0.40219.1
Project("{FAE04EC0-301F-11D3-BF4B-00C04F79EFBC}") = "Kepler.Tests", "Kepler.Tests\Kepler.Tests.csproj", "{8A218E77-4B9D-47CF-92B0-FDE6BB0250A4}"
EndProject
Project("{FAE04EC0-301F-11D3-BF4B-00C04F79EFBC}") = "Kepler.Common", "Kepler.Common\Kepler.Common.csproj", "{6C80A420-6AB0-4172-93E1-C44974187669}"
EndProject
Project("{FAE04EC0-301F-11D3-BF4B-00C04F79EFBC}") = "Kepler.Service", "Kepler.Service\Kepler.Service.csproj", "{B91FE5F2-03D8-46EE-B02E-DBFC7F584D0C}"
EndProject
Project("{FAE04EC0-301F-11D3-BF4B-00C04F79EFBC}") = "Kepler.UI", "Kepler.UI\Kepler.UI.csproj", "{D2EFBCFB-3A44-4B81-BE66-57F87E2D3DAA}"
EndProject
Project("{FAE04EC0-301F-11D3-BF4B-00C04F79EFBC}") = "Kepler.ImageProcessor.Service", "Kepler.ImageProcessor.Service\Kepler.ImageProcessor.Service.csproj", "{CBFFD8AF-CEED-4F04-B7E0-AADC854906D4}"
EndProject
Project("{FAE04EC0-301F-11D3-BF4B-00C04F79EFBC}") = "Kepler.ServiceInstaller", "Kepler.ServiceInstaller\Kepler.ServiceInstaller.csproj", "{7D87D3B3-E03C-47C7-9B5B-2FBD6099C0DF}"
EndProject
Project("{FAE04EC0-301F-11D3-BF4B-00C04F79EFBC}") = "Kepler.ImageProcessor.Installer", "Kepler.ImageProcessor.Installer\Kepler.ImageProcessor.Installer.csproj", "{7384930F-B85D-484E-B83A-0BCF1CB1BDAB}"
EndProject
Project("{FAE04EC0-301F-11D3-BF4B-00C04F79EFBC}") = "Kepler.Service.Setup", "Kepler.Service.Setup\Kepler.Service.Setup.csproj", "{7A30A18A-06C8-40A6-9C6A-D0A5F2745666}"
EndProject
Global
	GlobalSection(SolutionConfigurationPlatforms) = preSolution
		Debug|Any CPU = Debug|Any CPU
		Debug|x86 = Debug|x86
		NEONDebug|Any CPU = NEONDebug|Any CPU
		NEONDebug|x86 = NEONDebug|x86
		PublishVersion|Any CPU = PublishVersion|Any CPU
		PublishVersion|x86 = PublishVersion|x86
		Release|Any CPU = Release|Any CPU
		Release|x86 = Release|x86
		WalsashDebug|Any CPU = WalsashDebug|Any CPU
		WalsashDebug|x86 = WalsashDebug|x86
	EndGlobalSection
	GlobalSection(ProjectConfigurationPlatforms) = postSolution
		{8A218E77-4B9D-47CF-92B0-FDE6BB0250A4}.Debug|Any CPU.ActiveCfg = Debug|Any CPU
		{8A218E77-4B9D-47CF-92B0-FDE6BB0250A4}.Debug|Any CPU.Build.0 = Debug|Any CPU
		{8A218E77-4B9D-47CF-92B0-FDE6BB0250A4}.Debug|x86.ActiveCfg = Debug|Any CPU
		{8A218E77-4B9D-47CF-92B0-FDE6BB0250A4}.Debug|x86.Build.0 = Debug|Any CPU
		{8A218E77-4B9D-47CF-92B0-FDE6BB0250A4}.NEONDebug|Any CPU.ActiveCfg = NEONDebug|Any CPU
		{8A218E77-4B9D-47CF-92B0-FDE6BB0250A4}.NEONDebug|Any CPU.Build.0 = NEONDebug|Any CPU
		{8A218E77-4B9D-47CF-92B0-FDE6BB0250A4}.NEONDebug|x86.ActiveCfg = NEONDebug|Any CPU
		{8A218E77-4B9D-47CF-92B0-FDE6BB0250A4}.NEONDebug|x86.Build.0 = NEONDebug|Any CPU
		{8A218E77-4B9D-47CF-92B0-FDE6BB0250A4}.PublishVersion|Any CPU.ActiveCfg = PublishVersion|Any CPU
		{8A218E77-4B9D-47CF-92B0-FDE6BB0250A4}.PublishVersion|Any CPU.Build.0 = PublishVersion|Any CPU
		{8A218E77-4B9D-47CF-92B0-FDE6BB0250A4}.PublishVersion|x86.ActiveCfg = PublishVersion|Any CPU
		{8A218E77-4B9D-47CF-92B0-FDE6BB0250A4}.PublishVersion|x86.Build.0 = PublishVersion|Any CPU
		{8A218E77-4B9D-47CF-92B0-FDE6BB0250A4}.Release|Any CPU.ActiveCfg = Release|Any CPU
		{8A218E77-4B9D-47CF-92B0-FDE6BB0250A4}.Release|Any CPU.Build.0 = Release|Any CPU
		{8A218E77-4B9D-47CF-92B0-FDE6BB0250A4}.Release|x86.ActiveCfg = Release|Any CPU
		{8A218E77-4B9D-47CF-92B0-FDE6BB0250A4}.Release|x86.Build.0 = Release|Any CPU
		{8A218E77-4B9D-47CF-92B0-FDE6BB0250A4}.WalsashDebug|Any CPU.ActiveCfg = WalsashDebug|Any CPU
		{8A218E77-4B9D-47CF-92B0-FDE6BB0250A4}.WalsashDebug|Any CPU.Build.0 = WalsashDebug|Any CPU
		{8A218E77-4B9D-47CF-92B0-FDE6BB0250A4}.WalsashDebug|x86.ActiveCfg = WalsashDebug|Any CPU
		{8A218E77-4B9D-47CF-92B0-FDE6BB0250A4}.WalsashDebug|x86.Build.0 = WalsashDebug|Any CPU
		{6C80A420-6AB0-4172-93E1-C44974187669}.Debug|Any CPU.ActiveCfg = Debug|Any CPU
		{6C80A420-6AB0-4172-93E1-C44974187669}.Debug|Any CPU.Build.0 = Debug|Any CPU
		{6C80A420-6AB0-4172-93E1-C44974187669}.Debug|x86.ActiveCfg = Debug|Any CPU
		{6C80A420-6AB0-4172-93E1-C44974187669}.Debug|x86.Build.0 = Debug|Any CPU
		{6C80A420-6AB0-4172-93E1-C44974187669}.NEONDebug|Any CPU.ActiveCfg = NEONDebug|Any CPU
		{6C80A420-6AB0-4172-93E1-C44974187669}.NEONDebug|Any CPU.Build.0 = NEONDebug|Any CPU
		{6C80A420-6AB0-4172-93E1-C44974187669}.NEONDebug|x86.ActiveCfg = NEONDebug|Any CPU
		{6C80A420-6AB0-4172-93E1-C44974187669}.NEONDebug|x86.Build.0 = NEONDebug|Any CPU
		{6C80A420-6AB0-4172-93E1-C44974187669}.PublishVersion|Any CPU.ActiveCfg = PublishVersion|Any CPU
		{6C80A420-6AB0-4172-93E1-C44974187669}.PublishVersion|Any CPU.Build.0 = PublishVersion|Any CPU
		{6C80A420-6AB0-4172-93E1-C44974187669}.PublishVersion|x86.ActiveCfg = PublishVersion|Any CPU
		{6C80A420-6AB0-4172-93E1-C44974187669}.PublishVersion|x86.Build.0 = PublishVersion|Any CPU
		{6C80A420-6AB0-4172-93E1-C44974187669}.Release|Any CPU.ActiveCfg = Release|Any CPU
		{6C80A420-6AB0-4172-93E1-C44974187669}.Release|Any CPU.Build.0 = Release|Any CPU
		{6C80A420-6AB0-4172-93E1-C44974187669}.Release|x86.ActiveCfg = Release|Any CPU
		{6C80A420-6AB0-4172-93E1-C44974187669}.Release|x86.Build.0 = Release|Any CPU
		{6C80A420-6AB0-4172-93E1-C44974187669}.WalsashDebug|Any CPU.ActiveCfg = WalsashDebug|Any CPU
		{6C80A420-6AB0-4172-93E1-C44974187669}.WalsashDebug|Any CPU.Build.0 = WalsashDebug|Any CPU
		{6C80A420-6AB0-4172-93E1-C44974187669}.WalsashDebug|x86.ActiveCfg = WalsashDebug|Any CPU
		{6C80A420-6AB0-4172-93E1-C44974187669}.WalsashDebug|x86.Build.0 = WalsashDebug|Any CPU
		{B91FE5F2-03D8-46EE-B02E-DBFC7F584D0C}.Debug|Any CPU.ActiveCfg = Debug|Any CPU
		{B91FE5F2-03D8-46EE-B02E-DBFC7F584D0C}.Debug|Any CPU.Build.0 = Debug|Any CPU
		{B91FE5F2-03D8-46EE-B02E-DBFC7F584D0C}.Debug|x86.ActiveCfg = Debug|Any CPU
		{B91FE5F2-03D8-46EE-B02E-DBFC7F584D0C}.Debug|x86.Build.0 = Debug|Any CPU
		{B91FE5F2-03D8-46EE-B02E-DBFC7F584D0C}.NEONDebug|Any CPU.ActiveCfg = NEONDebug|Any CPU
		{B91FE5F2-03D8-46EE-B02E-DBFC7F584D0C}.NEONDebug|Any CPU.Build.0 = NEONDebug|Any CPU
		{B91FE5F2-03D8-46EE-B02E-DBFC7F584D0C}.NEONDebug|x86.ActiveCfg = NEONDebug|Any CPU
		{B91FE5F2-03D8-46EE-B02E-DBFC7F584D0C}.NEONDebug|x86.Build.0 = NEONDebug|Any CPU
		{B91FE5F2-03D8-46EE-B02E-DBFC7F584D0C}.PublishVersion|Any CPU.ActiveCfg = PublishVersion|Any CPU
		{B91FE5F2-03D8-46EE-B02E-DBFC7F584D0C}.PublishVersion|Any CPU.Build.0 = PublishVersion|Any CPU
		{B91FE5F2-03D8-46EE-B02E-DBFC7F584D0C}.PublishVersion|x86.ActiveCfg = PublishVersion|Any CPU
		{B91FE5F2-03D8-46EE-B02E-DBFC7F584D0C}.PublishVersion|x86.Build.0 = PublishVersion|Any CPU
		{B91FE5F2-03D8-46EE-B02E-DBFC7F584D0C}.Release|Any CPU.ActiveCfg = Release|Any CPU
		{B91FE5F2-03D8-46EE-B02E-DBFC7F584D0C}.Release|Any CPU.Build.0 = Release|Any CPU
		{B91FE5F2-03D8-46EE-B02E-DBFC7F584D0C}.Release|x86.ActiveCfg = Release|Any CPU
		{B91FE5F2-03D8-46EE-B02E-DBFC7F584D0C}.Release|x86.Build.0 = Release|Any CPU
		{B91FE5F2-03D8-46EE-B02E-DBFC7F584D0C}.WalsashDebug|Any CPU.ActiveCfg = WalsashDebug|Any CPU
		{B91FE5F2-03D8-46EE-B02E-DBFC7F584D0C}.WalsashDebug|Any CPU.Build.0 = WalsashDebug|Any CPU
		{B91FE5F2-03D8-46EE-B02E-DBFC7F584D0C}.WalsashDebug|x86.ActiveCfg = WalsashDebug|Any CPU
		{B91FE5F2-03D8-46EE-B02E-DBFC7F584D0C}.WalsashDebug|x86.Build.0 = WalsashDebug|Any CPU
		{D2EFBCFB-3A44-4B81-BE66-57F87E2D3DAA}.Debug|Any CPU.ActiveCfg = Debug|Any CPU
		{D2EFBCFB-3A44-4B81-BE66-57F87E2D3DAA}.Debug|Any CPU.Build.0 = Debug|Any CPU
		{D2EFBCFB-3A44-4B81-BE66-57F87E2D3DAA}.Debug|x86.ActiveCfg = Debug|Any CPU
		{D2EFBCFB-3A44-4B81-BE66-57F87E2D3DAA}.Debug|x86.Build.0 = Debug|Any CPU
		{D2EFBCFB-3A44-4B81-BE66-57F87E2D3DAA}.NEONDebug|Any CPU.ActiveCfg = NEONDebug|Any CPU
		{D2EFBCFB-3A44-4B81-BE66-57F87E2D3DAA}.NEONDebug|Any CPU.Build.0 = NEONDebug|Any CPU
		{D2EFBCFB-3A44-4B81-BE66-57F87E2D3DAA}.NEONDebug|x86.ActiveCfg = NEONDebug|Any CPU
		{D2EFBCFB-3A44-4B81-BE66-57F87E2D3DAA}.NEONDebug|x86.Build.0 = NEONDebug|Any CPU
		{D2EFBCFB-3A44-4B81-BE66-57F87E2D3DAA}.PublishVersion|Any CPU.ActiveCfg = PublishVersion|Any CPU
		{D2EFBCFB-3A44-4B81-BE66-57F87E2D3DAA}.PublishVersion|Any CPU.Build.0 = PublishVersion|Any CPU
		{D2EFBCFB-3A44-4B81-BE66-57F87E2D3DAA}.PublishVersion|x86.ActiveCfg = PublishVersion|Any CPU
		{D2EFBCFB-3A44-4B81-BE66-57F87E2D3DAA}.PublishVersion|x86.Build.0 = PublishVersion|Any CPU
		{D2EFBCFB-3A44-4B81-BE66-57F87E2D3DAA}.Release|Any CPU.ActiveCfg = Release|Any CPU
		{D2EFBCFB-3A44-4B81-BE66-57F87E2D3DAA}.Release|Any CPU.Build.0 = Release|Any CPU
		{D2EFBCFB-3A44-4B81-BE66-57F87E2D3DAA}.Release|x86.ActiveCfg = Release|Any CPU
		{D2EFBCFB-3A44-4B81-BE66-57F87E2D3DAA}.Release|x86.Build.0 = Release|Any CPU
		{D2EFBCFB-3A44-4B81-BE66-57F87E2D3DAA}.WalsashDebug|Any CPU.ActiveCfg = WalsashDebug|Any CPU
		{D2EFBCFB-3A44-4B81-BE66-57F87E2D3DAA}.WalsashDebug|Any CPU.Build.0 = WalsashDebug|Any CPU
		{D2EFBCFB-3A44-4B81-BE66-57F87E2D3DAA}.WalsashDebug|x86.ActiveCfg = WalsashDebug|Any CPU
		{D2EFBCFB-3A44-4B81-BE66-57F87E2D3DAA}.WalsashDebug|x86.Build.0 = WalsashDebug|Any CPU
		{CBFFD8AF-CEED-4F04-B7E0-AADC854906D4}.Debug|Any CPU.ActiveCfg = Debug|Any CPU
		{CBFFD8AF-CEED-4F04-B7E0-AADC854906D4}.Debug|Any CPU.Build.0 = Debug|Any CPU
		{CBFFD8AF-CEED-4F04-B7E0-AADC854906D4}.Debug|x86.ActiveCfg = Debug|Any CPU
		{CBFFD8AF-CEED-4F04-B7E0-AADC854906D4}.Debug|x86.Build.0 = Debug|Any CPU
		{CBFFD8AF-CEED-4F04-B7E0-AADC854906D4}.NEONDebug|Any CPU.ActiveCfg = NEONDebug|Any CPU
		{CBFFD8AF-CEED-4F04-B7E0-AADC854906D4}.NEONDebug|Any CPU.Build.0 = NEONDebug|Any CPU
		{CBFFD8AF-CEED-4F04-B7E0-AADC854906D4}.NEONDebug|x86.ActiveCfg = NEONDebug|Any CPU
		{CBFFD8AF-CEED-4F04-B7E0-AADC854906D4}.NEONDebug|x86.Build.0 = NEONDebug|Any CPU
		{CBFFD8AF-CEED-4F04-B7E0-AADC854906D4}.PublishVersion|Any CPU.ActiveCfg = PublishVersion|Any CPU
		{CBFFD8AF-CEED-4F04-B7E0-AADC854906D4}.PublishVersion|Any CPU.Build.0 = PublishVersion|Any CPU
		{CBFFD8AF-CEED-4F04-B7E0-AADC854906D4}.PublishVersion|x86.ActiveCfg = PublishVersion|Any CPU
		{CBFFD8AF-CEED-4F04-B7E0-AADC854906D4}.PublishVersion|x86.Build.0 = PublishVersion|Any CPU
		{CBFFD8AF-CEED-4F04-B7E0-AADC854906D4}.Release|Any CPU.ActiveCfg = NEONDebug|Any CPU
		{CBFFD8AF-CEED-4F04-B7E0-AADC854906D4}.Release|Any CPU.Build.0 = NEONDebug|Any CPU
		{CBFFD8AF-CEED-4F04-B7E0-AADC854906D4}.Release|x86.ActiveCfg = Release|Any CPU
		{CBFFD8AF-CEED-4F04-B7E0-AADC854906D4}.Release|x86.Build.0 = Release|Any CPU
		{CBFFD8AF-CEED-4F04-B7E0-AADC854906D4}.WalsashDebug|Any CPU.ActiveCfg = WalsashDebug|Any CPU
		{CBFFD8AF-CEED-4F04-B7E0-AADC854906D4}.WalsashDebug|Any CPU.Build.0 = WalsashDebug|Any CPU
		{CBFFD8AF-CEED-4F04-B7E0-AADC854906D4}.WalsashDebug|x86.ActiveCfg = WalsashDebug|Any CPU
		{CBFFD8AF-CEED-4F04-B7E0-AADC854906D4}.WalsashDebug|x86.Build.0 = WalsashDebug|Any CPU
		{7D87D3B3-E03C-47C7-9B5B-2FBD6099C0DF}.Debug|Any CPU.ActiveCfg = Debug|Any CPU
		{7D87D3B3-E03C-47C7-9B5B-2FBD6099C0DF}.Debug|Any CPU.Build.0 = Debug|Any CPU
		{7D87D3B3-E03C-47C7-9B5B-2FBD6099C0DF}.Debug|x86.ActiveCfg = Debug|Any CPU
		{7D87D3B3-E03C-47C7-9B5B-2FBD6099C0DF}.Debug|x86.Build.0 = Debug|Any CPU
		{7D87D3B3-E03C-47C7-9B5B-2FBD6099C0DF}.NEONDebug|Any CPU.ActiveCfg = NEONDebug|Any CPU
		{7D87D3B3-E03C-47C7-9B5B-2FBD6099C0DF}.NEONDebug|Any CPU.Build.0 = NEONDebug|Any CPU
		{7D87D3B3-E03C-47C7-9B5B-2FBD6099C0DF}.NEONDebug|x86.ActiveCfg = NEONDebug|Any CPU
		{7D87D3B3-E03C-47C7-9B5B-2FBD6099C0DF}.NEONDebug|x86.Build.0 = NEONDebug|Any CPU
		{7D87D3B3-E03C-47C7-9B5B-2FBD6099C0DF}.PublishVersion|Any CPU.ActiveCfg = PublishVersion|Any CPU
		{7D87D3B3-E03C-47C7-9B5B-2FBD6099C0DF}.PublishVersion|Any CPU.Build.0 = PublishVersion|Any CPU
		{7D87D3B3-E03C-47C7-9B5B-2FBD6099C0DF}.PublishVersion|x86.ActiveCfg = PublishVersion|Any CPU
		{7D87D3B3-E03C-47C7-9B5B-2FBD6099C0DF}.PublishVersion|x86.Build.0 = PublishVersion|Any CPU
		{7D87D3B3-E03C-47C7-9B5B-2FBD6099C0DF}.Release|Any CPU.ActiveCfg = Release|Any CPU
		{7D87D3B3-E03C-47C7-9B5B-2FBD6099C0DF}.Release|Any CPU.Build.0 = Release|Any CPU
		{7D87D3B3-E03C-47C7-9B5B-2FBD6099C0DF}.Release|x86.ActiveCfg = Release|Any CPU
		{7D87D3B3-E03C-47C7-9B5B-2FBD6099C0DF}.Release|x86.Build.0 = Release|Any CPU
		{7D87D3B3-E03C-47C7-9B5B-2FBD6099C0DF}.WalsashDebug|Any CPU.ActiveCfg = WalsashDebug|Any CPU
		{7D87D3B3-E03C-47C7-9B5B-2FBD6099C0DF}.WalsashDebug|Any CPU.Build.0 = WalsashDebug|Any CPU
		{7D87D3B3-E03C-47C7-9B5B-2FBD6099C0DF}.WalsashDebug|x86.ActiveCfg = WalsashDebug|Any CPU
		{7D87D3B3-E03C-47C7-9B5B-2FBD6099C0DF}.WalsashDebug|x86.Build.0 = WalsashDebug|Any CPU
		{7384930F-B85D-484E-B83A-0BCF1CB1BDAB}.Debug|Any CPU.ActiveCfg = Debug|Any CPU
		{7384930F-B85D-484E-B83A-0BCF1CB1BDAB}.Debug|Any CPU.Build.0 = Debug|Any CPU
		{7384930F-B85D-484E-B83A-0BCF1CB1BDAB}.Debug|x86.ActiveCfg = Debug|Any CPU
		{7384930F-B85D-484E-B83A-0BCF1CB1BDAB}.Debug|x86.Build.0 = Debug|Any CPU
		{7384930F-B85D-484E-B83A-0BCF1CB1BDAB}.NEONDebug|Any CPU.ActiveCfg = NEONDebug|Any CPU
		{7384930F-B85D-484E-B83A-0BCF1CB1BDAB}.NEONDebug|Any CPU.Build.0 = NEONDebug|Any CPU
		{7384930F-B85D-484E-B83A-0BCF1CB1BDAB}.NEONDebug|x86.ActiveCfg = NEONDebug|Any CPU
		{7384930F-B85D-484E-B83A-0BCF1CB1BDAB}.NEONDebug|x86.Build.0 = NEONDebug|Any CPU
		{7384930F-B85D-484E-B83A-0BCF1CB1BDAB}.PublishVersion|Any CPU.ActiveCfg = PublishVersion|Any CPU
		{7384930F-B85D-484E-B83A-0BCF1CB1BDAB}.PublishVersion|Any CPU.Build.0 = PublishVersion|Any CPU
		{7384930F-B85D-484E-B83A-0BCF1CB1BDAB}.PublishVersion|x86.ActiveCfg = PublishVersion|Any CPU
		{7384930F-B85D-484E-B83A-0BCF1CB1BDAB}.PublishVersion|x86.Build.0 = PublishVersion|Any CPU
		{7384930F-B85D-484E-B83A-0BCF1CB1BDAB}.Release|Any CPU.ActiveCfg = Release|Any CPU
		{7384930F-B85D-484E-B83A-0BCF1CB1BDAB}.Release|Any CPU.Build.0 = Release|Any CPU
		{7384930F-B85D-484E-B83A-0BCF1CB1BDAB}.Release|x86.ActiveCfg = Release|Any CPU
		{7384930F-B85D-484E-B83A-0BCF1CB1BDAB}.Release|x86.Build.0 = Release|Any CPU
		{7384930F-B85D-484E-B83A-0BCF1CB1BDAB}.WalsashDebug|Any CPU.ActiveCfg = WalsashDebug|Any CPU
		{7384930F-B85D-484E-B83A-0BCF1CB1BDAB}.WalsashDebug|Any CPU.Build.0 = WalsashDebug|Any CPU
		{7384930F-B85D-484E-B83A-0BCF1CB1BDAB}.WalsashDebug|x86.ActiveCfg = WalsashDebug|Any CPU
		{7384930F-B85D-484E-B83A-0BCF1CB1BDAB}.WalsashDebug|x86.Build.0 = WalsashDebug|Any CPU
		{7A30A18A-06C8-40A6-9C6A-D0A5F2745666}.Debug|Any CPU.ActiveCfg = Debug|Any CPU
		{7A30A18A-06C8-40A6-9C6A-D0A5F2745666}.Debug|Any CPU.Build.0 = Debug|Any CPU
		{7A30A18A-06C8-40A6-9C6A-D0A5F2745666}.Debug|x86.ActiveCfg = Debug|Any CPU
		{7A30A18A-06C8-40A6-9C6A-D0A5F2745666}.Debug|x86.Build.0 = Debug|Any CPU
		{7A30A18A-06C8-40A6-9C6A-D0A5F2745666}.NEONDebug|Any CPU.ActiveCfg = Debug|Any CPU
		{7A30A18A-06C8-40A6-9C6A-D0A5F2745666}.NEONDebug|Any CPU.Build.0 = Debug|Any CPU
		{7A30A18A-06C8-40A6-9C6A-D0A5F2745666}.NEONDebug|x86.ActiveCfg = Debug|Any CPU
		{7A30A18A-06C8-40A6-9C6A-D0A5F2745666}.NEONDebug|x86.Build.0 = Debug|Any CPU
		{7A30A18A-06C8-40A6-9C6A-D0A5F2745666}.PublishVersion|Any CPU.ActiveCfg = PublishVersion|Any CPU
		{7A30A18A-06C8-40A6-9C6A-D0A5F2745666}.PublishVersion|Any CPU.Build.0 = PublishVersion|Any CPU
		{7A30A18A-06C8-40A6-9C6A-D0A5F2745666}.PublishVersion|x86.ActiveCfg = PublishVersion|Any CPU
		{7A30A18A-06C8-40A6-9C6A-D0A5F2745666}.PublishVersion|x86.Build.0 = PublishVersion|Any CPU
		{7A30A18A-06C8-40A6-9C6A-D0A5F2745666}.Release|Any CPU.ActiveCfg = Release|Any CPU
		{7A30A18A-06C8-40A6-9C6A-D0A5F2745666}.Release|Any CPU.Build.0 = Release|Any CPU
		{7A30A18A-06C8-40A6-9C6A-D0A5F2745666}.Release|x86.ActiveCfg = Release|Any CPU
		{7A30A18A-06C8-40A6-9C6A-D0A5F2745666}.Release|x86.Build.0 = Release|Any CPU
		{7A30A18A-06C8-40A6-9C6A-D0A5F2745666}.WalsashDebug|Any CPU.ActiveCfg = Debug|Any CPU
		{7A30A18A-06C8-40A6-9C6A-D0A5F2745666}.WalsashDebug|Any CPU.Build.0 = Debug|Any CPU
		{7A30A18A-06C8-40A6-9C6A-D0A5F2745666}.WalsashDebug|x86.ActiveCfg = Debug|Any CPU
		{7A30A18A-06C8-40A6-9C6A-D0A5F2745666}.WalsashDebug|x86.Build.0 = Debug|Any CPU
	EndGlobalSection
	GlobalSection(SolutionProperties) = preSolution
		HideSolutionNode = FALSE
	EndGlobalSection
EndGlobal
